// !$*UTF8*$!
{
	archiveVersion = 1;
	classes = {
	};
	objectVersion = 50;
	objects = {

/* Begin PBXBuildFile section */
		313DBD2525BCEEBF00A5306C /* AppDelegate.swift in Sources */ = {isa = PBXBuildFile; fileRef = 313DBD2425BCEEBF00A5306C /* AppDelegate.swift */; };
		313DBD2725BCEEBF00A5306C /* SceneDelegate.swift in Sources */ = {isa = PBXBuildFile; fileRef = 313DBD2625BCEEBF00A5306C /* SceneDelegate.swift */; };
		313DBD2925BCEEBF00A5306C /* LoginViewController.swift in Sources */ = {isa = PBXBuildFile; fileRef = 313DBD2825BCEEBF00A5306C /* LoginViewController.swift */; };
		313DBD2C25BCEEBF00A5306C /* Main.storyboard in Resources */ = {isa = PBXBuildFile; fileRef = 313DBD2A25BCEEBF00A5306C /* Main.storyboard */; };
		313DBD2E25BCEEBF00A5306C /* Assets.xcassets in Resources */ = {isa = PBXBuildFile; fileRef = 313DBD2D25BCEEBF00A5306C /* Assets.xcassets */; };
		313DBD3125BCEEBF00A5306C /* LaunchScreen.storyboard in Resources */ = {isa = PBXBuildFile; fileRef = 313DBD2F25BCEEBF00A5306C /* LaunchScreen.storyboard */; };
		313DBD3F25BCFE0B00A5306C /* NetworkClient.swift in Sources */ = {isa = PBXBuildFile; fileRef = 313DBD3E25BCFE0B00A5306C /* NetworkClient.swift */; };
		313DBD4325BCFF9800A5306C /* LoginRequest.swift in Sources */ = {isa = PBXBuildFile; fileRef = 313DBD4225BCFF9800A5306C /* LoginRequest.swift */; };
		313DBD4625BD04E300A5306C /* Account.swift in Sources */ = {isa = PBXBuildFile; fileRef = 313DBD4525BD04E300A5306C /* Account.swift */; };
		313DBD4925BD051A00A5306C /* Session.swift in Sources */ = {isa = PBXBuildFile; fileRef = 313DBD4825BD051A00A5306C /* Session.swift */; };
		313DBD4C25BD055700A5306C /* LoginResponse.swift in Sources */ = {isa = PBXBuildFile; fileRef = 313DBD4B25BD055700A5306C /* LoginResponse.swift */; };
		313DBD4F25BD10E800A5306C /* NetworkResponse.swift in Sources */ = {isa = PBXBuildFile; fileRef = 313DBD4E25BD10E800A5306C /* NetworkResponse.swift */; };
		313DBD5225BD3A7900A5306C /* LogoutResponse.swift in Sources */ = {isa = PBXBuildFile; fileRef = 313DBD5125BD3A7900A5306C /* LogoutResponse.swift */; };
		313DBD5525BD3BF700A5306C /* BaseLocationUIViewController.swift in Sources */ = {isa = PBXBuildFile; fileRef = 313DBD5425BD3BF700A5306C /* BaseLocationUIViewController.swift */; };
		313DBD5825BD473300A5306C /* Location.swift in Sources */ = {isa = PBXBuildFile; fileRef = 313DBD5725BD473300A5306C /* Location.swift */; };
		313DBD5B25BD47C300A5306C /* LocationResponse.swift in Sources */ = {isa = PBXBuildFile; fileRef = 313DBD5A25BD47C300A5306C /* LocationResponse.swift */; };
		313DBD5E25BD4A4A00A5306C /* LocationTableViewController.swift in Sources */ = {isa = PBXBuildFile; fileRef = 313DBD5D25BD4A4A00A5306C /* LocationTableViewController.swift */; };
		313DBD6125BDFDFE00A5306C /* LocationMapViewController.swift in Sources */ = {isa = PBXBuildFile; fileRef = 313DBD6025BDFDFE00A5306C /* LocationMapViewController.swift */; };
		313DBD6625BE29BE00A5306C /* LocationPostingViewController.swift in Sources */ = {isa = PBXBuildFile; fileRef = 313DBD6525BE29BE00A5306C /* LocationPostingViewController.swift */; };
		313DBD6925BE34EE00A5306C /* PostLocationRequest.swift in Sources */ = {isa = PBXBuildFile; fileRef = 313DBD6825BE34EE00A5306C /* PostLocationRequest.swift */; };
		313DBD6C25BE3B4600A5306C /* PostLocationResponse.swift in Sources */ = {isa = PBXBuildFile; fileRef = 313DBD6B25BE3B4600A5306C /* PostLocationResponse.swift */; };
		313DBD6F25BE406400A5306C /* User.swift in Sources */ = {isa = PBXBuildFile; fileRef = 313DBD6E25BE406400A5306C /* User.swift */; };
		313DBD7225BE491500A5306C /* UserResponse.swift in Sources */ = {isa = PBXBuildFile; fileRef = 313DBD7125BE491500A5306C /* UserResponse.swift */; };
		313DBD7525BE596300A5306C /* LocationConfirmViewController.swift in Sources */ = {isa = PBXBuildFile; fileRef = 313DBD7425BE596300A5306C /* LocationConfirmViewController.swift */; };
		313DBD7825BE5F7200A5306C /* ViewController+Extension.swift in Sources */ = {isa = PBXBuildFile; fileRef = 313DBD7725BE5F7200A5306C /* ViewController+Extension.swift */; };
		313DBD7B25BE86DE00A5306C /* Pin.swift in Sources */ = {isa = PBXBuildFile; fileRef = 313DBD7A25BE86DE00A5306C /* Pin.swift */; };
/* End PBXBuildFile section */

/* Begin PBXFileReference section */
		313DBD2125BCEEBF00A5306C /* OneTheMap.app */ = {isa = PBXFileReference; explicitFileType = wrapper.application; includeInIndex = 0; path = OneTheMap.app; sourceTree = BUILT_PRODUCTS_DIR; };
		313DBD2425BCEEBF00A5306C /* AppDelegate.swift */ = {isa = PBXFileReference; lastKnownFileType = sourcecode.swift; path = AppDelegate.swift; sourceTree = "<group>"; };
		313DBD2625BCEEBF00A5306C /* SceneDelegate.swift */ = {isa = PBXFileReference; lastKnownFileType = sourcecode.swift; path = SceneDelegate.swift; sourceTree = "<group>"; };
		313DBD2825BCEEBF00A5306C /* LoginViewController.swift */ = {isa = PBXFileReference; lastKnownFileType = sourcecode.swift; path = LoginViewController.swift; sourceTree = "<group>"; };
		313DBD2B25BCEEBF00A5306C /* Base */ = {isa = PBXFileReference; lastKnownFileType = file.storyboard; name = Base; path = Base.lproj/Main.storyboard; sourceTree = "<group>"; };
		313DBD2D25BCEEBF00A5306C /* Assets.xcassets */ = {isa = PBXFileReference; lastKnownFileType = folder.assetcatalog; path = Assets.xcassets; sourceTree = "<group>"; };
		313DBD3025BCEEBF00A5306C /* Base */ = {isa = PBXFileReference; lastKnownFileType = file.storyboard; name = Base; path = Base.lproj/LaunchScreen.storyboard; sourceTree = "<group>"; };
		313DBD3225BCEEBF00A5306C /* Info.plist */ = {isa = PBXFileReference; lastKnownFileType = text.plist.xml; path = Info.plist; sourceTree = "<group>"; };
		313DBD3E25BCFE0B00A5306C /* NetworkClient.swift */ = {isa = PBXFileReference; lastKnownFileType = sourcecode.swift; path = NetworkClient.swift; sourceTree = "<group>"; };
		313DBD4225BCFF9800A5306C /* LoginRequest.swift */ = {isa = PBXFileReference; lastKnownFileType = sourcecode.swift; path = LoginRequest.swift; sourceTree = "<group>"; };
		313DBD4525BD04E300A5306C /* Account.swift */ = {isa = PBXFileReference; lastKnownFileType = sourcecode.swift; path = Account.swift; sourceTree = "<group>"; };
		313DBD4825BD051A00A5306C /* Session.swift */ = {isa = PBXFileReference; lastKnownFileType = sourcecode.swift; path = Session.swift; sourceTree = "<group>"; };
		313DBD4B25BD055700A5306C /* LoginResponse.swift */ = {isa = PBXFileReference; lastKnownFileType = sourcecode.swift; path = LoginResponse.swift; sourceTree = "<group>"; };
		313DBD4E25BD10E800A5306C /* NetworkResponse.swift */ = {isa = PBXFileReference; lastKnownFileType = sourcecode.swift; path = NetworkResponse.swift; sourceTree = "<group>"; };
		313DBD5125BD3A7900A5306C /* LogoutResponse.swift */ = {isa = PBXFileReference; lastKnownFileType = sourcecode.swift; path = LogoutResponse.swift; sourceTree = "<group>"; };
		313DBD5425BD3BF700A5306C /* BaseLocationUIViewController.swift */ = {isa = PBXFileReference; lastKnownFileType = sourcecode.swift; path = BaseLocationUIViewController.swift; sourceTree = "<group>"; };
		313DBD5725BD473300A5306C /* Location.swift */ = {isa = PBXFileReference; lastKnownFileType = sourcecode.swift; path = Location.swift; sourceTree = "<group>"; };
		313DBD5A25BD47C300A5306C /* LocationResponse.swift */ = {isa = PBXFileReference; lastKnownFileType = sourcecode.swift; path = LocationResponse.swift; sourceTree = "<group>"; };
		313DBD5D25BD4A4A00A5306C /* LocationTableViewController.swift */ = {isa = PBXFileReference; lastKnownFileType = sourcecode.swift; path = LocationTableViewController.swift; sourceTree = "<group>"; };
		313DBD6025BDFDFE00A5306C /* LocationMapViewController.swift */ = {isa = PBXFileReference; lastKnownFileType = sourcecode.swift; path = LocationMapViewController.swift; sourceTree = "<group>"; };
		313DBD6525BE29BE00A5306C /* LocationPostingViewController.swift */ = {isa = PBXFileReference; lastKnownFileType = sourcecode.swift; path = LocationPostingViewController.swift; sourceTree = "<group>"; };
		313DBD6825BE34EE00A5306C /* PostLocationRequest.swift */ = {isa = PBXFileReference; lastKnownFileType = sourcecode.swift; path = PostLocationRequest.swift; sourceTree = "<group>"; };
		313DBD6B25BE3B4600A5306C /* PostLocationResponse.swift */ = {isa = PBXFileReference; lastKnownFileType = sourcecode.swift; path = PostLocationResponse.swift; sourceTree = "<group>"; };
		313DBD6E25BE406400A5306C /* User.swift */ = {isa = PBXFileReference; lastKnownFileType = sourcecode.swift; path = User.swift; sourceTree = "<group>"; };
		313DBD7125BE491500A5306C /* UserResponse.swift */ = {isa = PBXFileReference; lastKnownFileType = sourcecode.swift; path = UserResponse.swift; sourceTree = "<group>"; };
		313DBD7425BE596300A5306C /* LocationConfirmViewController.swift */ = {isa = PBXFileReference; lastKnownFileType = sourcecode.swift; path = LocationConfirmViewController.swift; sourceTree = "<group>"; };
		313DBD7725BE5F7200A5306C /* ViewController+Extension.swift */ = {isa = PBXFileReference; lastKnownFileType = sourcecode.swift; path = "ViewController+Extension.swift"; sourceTree = "<group>"; };
		313DBD7A25BE86DE00A5306C /* Pin.swift */ = {isa = PBXFileReference; lastKnownFileType = sourcecode.swift; path = Pin.swift; sourceTree = "<group>"; };
/* End PBXFileReference section */

/* Begin PBXFrameworksBuildPhase section */
		313DBD1E25BCEEBF00A5306C /* Frameworks */ = {
			isa = PBXFrameworksBuildPhase;
			buildActionMask = 2147483647;
			files = (
			);
			runOnlyForDeploymentPostprocessing = 0;
		};
/* End PBXFrameworksBuildPhase section */

/* Begin PBXGroup section */
		310322B725BFE5E500690E40 /* Request */ = {
			isa = PBXGroup;
			children = (
				313DBD4225BCFF9800A5306C /* LoginRequest.swift */,
				313DBD6825BE34EE00A5306C /* PostLocationRequest.swift */,
			);
			path = Request;
			sourceTree = "<group>";
		};
		310322B825BFE5F200690E40 /* Response */ = {
			isa = PBXGroup;
			children = (
				313DBD4825BD051A00A5306C /* Session.swift */,
				313DBD4E25BD10E800A5306C /* NetworkResponse.swift */,
				313DBD5125BD3A7900A5306C /* LogoutResponse.swift */,
				313DBD5A25BD47C300A5306C /* LocationResponse.swift */,
				313DBD4525BD04E300A5306C /* Account.swift */,
				313DBD4B25BD055700A5306C /* LoginResponse.swift */,
				313DBD6B25BE3B4600A5306C /* PostLocationResponse.swift */,
				313DBD5725BD473300A5306C /* Location.swift */,
				313DBD7125BE491500A5306C /* UserResponse.swift */,
				313DBD6E25BE406400A5306C /* User.swift */,
			);
			path = Response;
			sourceTree = "<group>";
		};
		313DBD1825BCEEBF00A5306C = {
			isa = PBXGroup;
			children = (
				313DBD2325BCEEBF00A5306C /* OneTheMap */,
				313DBD2225BCEEBF00A5306C /* Products */,
			);
			sourceTree = "<group>";
		};
		313DBD2225BCEEBF00A5306C /* Products */ = {
			isa = PBXGroup;
			children = (
				313DBD2125BCEEBF00A5306C /* OneTheMap.app */,
			);
			name = Products;
			sourceTree = "<group>";
		};
		313DBD2325BCEEBF00A5306C /* OneTheMap */ = {
			isa = PBXGroup;
			children = (
				313DBD3D25BCFD1D00A5306C /* Assets */,
				313DBD3C25BCFCCB00A5306C /* View */,
				313DBD3B25BCFCC300A5306C /* Model */,
				313DBD3A25BCFCB500A5306C /* Controller */,
				313DBD2425BCEEBF00A5306C /* AppDelegate.swift */,
				313DBD2625BCEEBF00A5306C /* SceneDelegate.swift */,
				313DBD3225BCEEBF00A5306C /* Info.plist */,
			);
			path = OneTheMap;
			sourceTree = "<group>";
		};
		313DBD3A25BCFCB500A5306C /* Controller */ = {
			isa = PBXGroup;
			children = (
				313DBD2825BCEEBF00A5306C /* LoginViewController.swift */,
				313DBD5425BD3BF700A5306C /* BaseLocationUIViewController.swift */,
				313DBD5D25BD4A4A00A5306C /* LocationTableViewController.swift */,
				313DBD6025BDFDFE00A5306C /* LocationMapViewController.swift */,
				313DBD6525BE29BE00A5306C /* LocationPostingViewController.swift */,
				313DBD7425BE596300A5306C /* LocationConfirmViewController.swift */,
				313DBD7725BE5F7200A5306C /* ViewController+Extension.swift */,
			);
			path = Controller;
			sourceTree = "<group>";
		};
		313DBD3B25BCFCC300A5306C /* Model */ = {
			isa = PBXGroup;
			children = (
				310322B825BFE5F200690E40 /* Response */,
				310322B725BFE5E500690E40 /* Request */,
				313DBD3E25BCFE0B00A5306C /* NetworkClient.swift */,
				313DBD7A25BE86DE00A5306C /* Pin.swift */,
			);
			path = Model;
			sourceTree = "<group>";
		};
		313DBD3C25BCFCCB00A5306C /* View */ = {
			isa = PBXGroup;
			children = (
				313DBD2A25BCEEBF00A5306C /* Main.storyboard */,
				313DBD2F25BCEEBF00A5306C /* LaunchScreen.storyboard */,
			);
			path = View;
			sourceTree = "<group>";
		};
		313DBD3D25BCFD1D00A5306C /* Assets */ = {
			isa = PBXGroup;
			children = (
				313DBD2D25BCEEBF00A5306C /* Assets.xcassets */,
			);
			path = Assets;
			sourceTree = "<group>";
		};
/* End PBXGroup section */

/* Begin PBXNativeTarget section */
		313DBD2025BCEEBF00A5306C /* OneTheMap */ = {
			isa = PBXNativeTarget;
			buildConfigurationList = 313DBD3525BCEEBF00A5306C /* Build configuration list for PBXNativeTarget "OneTheMap" */;
			buildPhases = (
				313DBD1D25BCEEBF00A5306C /* Sources */,
				313DBD1E25BCEEBF00A5306C /* Frameworks */,
				313DBD1F25BCEEBF00A5306C /* Resources */,
			);
			buildRules = (
			);
			dependencies = (
			);
			name = OneTheMap;
			productName = OneTheMap;
			productReference = 313DBD2125BCEEBF00A5306C /* OneTheMap.app */;
			productType = "com.apple.product-type.application";
		};
/* End PBXNativeTarget section */

/* Begin PBXProject section */
		313DBD1925BCEEBF00A5306C /* Project object */ = {
			isa = PBXProject;
			attributes = {
				LastSwiftUpdateCheck = 1230;
				LastUpgradeCheck = 1230;
				TargetAttributes = {
					313DBD2025BCEEBF00A5306C = {
						CreatedOnToolsVersion = 12.3;
					};
				};
			};
			buildConfigurationList = 313DBD1C25BCEEBF00A5306C /* Build configuration list for PBXProject "OneTheMap" */;
			compatibilityVersion = "Xcode 9.3";
			developmentRegion = en;
			hasScannedForEncodings = 0;
			knownRegions = (
				en,
				Base,
			);
			mainGroup = 313DBD1825BCEEBF00A5306C;
			productRefGroup = 313DBD2225BCEEBF00A5306C /* Products */;
			projectDirPath = "";
			projectRoot = "";
			targets = (
				313DBD2025BCEEBF00A5306C /* OneTheMap */,
			);
		};
/* End PBXProject section */

/* Begin PBXResourcesBuildPhase section */
		313DBD1F25BCEEBF00A5306C /* Resources */ = {
			isa = PBXResourcesBuildPhase;
			buildActionMask = 2147483647;
			files = (
				313DBD3125BCEEBF00A5306C /* LaunchScreen.storyboard in Resources */,
				313DBD2E25BCEEBF00A5306C /* Assets.xcassets in Resources */,
				313DBD2C25BCEEBF00A5306C /* Main.storyboard in Resources */,
			);
			runOnlyForDeploymentPostprocessing = 0;
		};
/* End PBXResourcesBuildPhase section */

/* Begin PBXSourcesBuildPhase section */
		313DBD1D25BCEEBF00A5306C /* Sources */ = {
			isa = PBXSourcesBuildPhase;
			buildActionMask = 2147483647;
			files = (
				313DBD4925BD051A00A5306C /* Session.swift in Sources */,
				313DBD5B25BD47C300A5306C /* LocationResponse.swift in Sources */,
				313DBD2925BCEEBF00A5306C /* LoginViewController.swift in Sources */,
				313DBD2525BCEEBF00A5306C /* AppDelegate.swift in Sources */,
				313DBD5825BD473300A5306C /* Location.swift in Sources */,
				313DBD2725BCEEBF00A5306C /* SceneDelegate.swift in Sources */,
				313DBD5E25BD4A4A00A5306C /* LocationTableViewController.swift in Sources */,
				313DBD7525BE596300A5306C /* LocationConfirmViewController.swift in Sources */,
				313DBD7825BE5F7200A5306C /* ViewController+Extension.swift in Sources */,
				313DBD6925BE34EE00A5306C /* PostLocationRequest.swift in Sources */,
				313DBD5225BD3A7900A5306C /* LogoutResponse.swift in Sources */,
				313DBD4325BCFF9800A5306C /* LoginRequest.swift in Sources */,
				313DBD4F25BD10E800A5306C /* NetworkResponse.swift in Sources */,
				313DBD6C25BE3B4600A5306C /* PostLocationResponse.swift in Sources */,
				313DBD6625BE29BE00A5306C /* LocationPostingViewController.swift in Sources */,
				313DBD3F25BCFE0B00A5306C /* NetworkClient.swift in Sources */,
				313DBD5525BD3BF700A5306C /* BaseLocationUIViewController.swift in Sources */,
				313DBD7225BE491500A5306C /* UserResponse.swift in Sources */,
				313DBD4C25BD055700A5306C /* LoginResponse.swift in Sources */,
				313DBD4625BD04E300A5306C /* Account.swift in Sources */,
				313DBD7B25BE86DE00A5306C /* Pin.swift in Sources */,
				313DBD6125BDFDFE00A5306C /* LocationMapViewController.swift in Sources */,
				313DBD6F25BE406400A5306C /* User.swift in Sources */,
			);
			runOnlyForDeploymentPostprocessing = 0;
		};
/* End PBXSourcesBuildPhase section */

/* Begin PBXVariantGroup section */
		313DBD2A25BCEEBF00A5306C /* Main.storyboard */ = {
			isa = PBXVariantGroup;
			children = (
				313DBD2B25BCEEBF00A5306C /* Base */,
			);
			name = Main.storyboard;
			sourceTree = "<group>";
		};
		313DBD2F25BCEEBF00A5306C /* LaunchScreen.storyboard */ = {
			isa = PBXVariantGroup;
			children = (
				313DBD3025BCEEBF00A5306C /* Base */,
			);
			name = LaunchScreen.storyboard;
			sourceTree = "<group>";
		};
/* End PBXVariantGroup section */

/* Begin XCBuildConfiguration section */
		313DBD3325BCEEBF00A5306C /* Debug */ = {
			isa = XCBuildConfiguration;
			buildSettings = {
				ALWAYS_SEARCH_USER_PATHS = NO;
				CLANG_ANALYZER_NONNULL = YES;
				CLANG_ANALYZER_NUMBER_OBJECT_CONVERSION = YES_AGGRESSIVE;
				CLANG_CXX_LANGUAGE_STANDARD = "gnu++14";
				CLANG_CXX_LIBRARY = "libc++";
				CLANG_ENABLE_MODULES = YES;
				CLANG_ENABLE_OBJC_ARC = YES;
				CLANG_ENABLE_OBJC_WEAK = YES;
				CLANG_WARN_BLOCK_CAPTURE_AUTORELEASING = YES;
				CLANG_WARN_BOOL_CONVERSION = YES;
				CLANG_WARN_COMMA = YES;
				CLANG_WARN_CONSTANT_CONVERSION = YES;
				CLANG_WARN_DEPRECATED_OBJC_IMPLEMENTATIONS = YES;
				CLANG_WARN_DIRECT_OBJC_ISA_USAGE = YES_ERROR;
				CLANG_WARN_DOCUMENTATION_COMMENTS = YES;
				CLANG_WARN_EMPTY_BODY = YES;
				CLANG_WARN_ENUM_CONVERSION = YES;
				CLANG_WARN_INFINITE_RECURSION = YES;
				CLANG_WARN_INT_CONVERSION = YES;
				CLANG_WARN_NON_LITERAL_NULL_CONVERSION = YES;
				CLANG_WARN_OBJC_IMPLICIT_RETAIN_SELF = YES;
				CLANG_WARN_OBJC_LITERAL_CONVERSION = YES;
				CLANG_WARN_OBJC_ROOT_CLASS = YES_ERROR;
				CLANG_WARN_QUOTED_INCLUDE_IN_FRAMEWORK_HEADER = YES;
				CLANG_WARN_RANGE_LOOP_ANALYSIS = YES;
				CLANG_WARN_STRICT_PROTOTYPES = YES;
				CLANG_WARN_SUSPICIOUS_MOVE = YES;
				CLANG_WARN_UNGUARDED_AVAILABILITY = YES_AGGRESSIVE;
				CLANG_WARN_UNREACHABLE_CODE = YES;
				CLANG_WARN__DUPLICATE_METHOD_MATCH = YES;
				COPY_PHASE_STRIP = NO;
				DEBUG_INFORMATION_FORMAT = dwarf;
				ENABLE_STRICT_OBJC_MSGSEND = YES;
				ENABLE_TESTABILITY = YES;
				GCC_C_LANGUAGE_STANDARD = gnu11;
				GCC_DYNAMIC_NO_PIC = NO;
				GCC_NO_COMMON_BLOCKS = YES;
				GCC_OPTIMIZATION_LEVEL = 0;
				GCC_PREPROCESSOR_DEFINITIONS = (
					"DEBUG=1",
					"$(inherited)",
				);
				GCC_WARN_64_TO_32_BIT_CONVERSION = YES;
				GCC_WARN_ABOUT_RETURN_TYPE = YES_ERROR;
				GCC_WARN_UNDECLARED_SELECTOR = YES;
				GCC_WARN_UNINITIALIZED_AUTOS = YES_AGGRESSIVE;
				GCC_WARN_UNUSED_FUNCTION = YES;
				GCC_WARN_UNUSED_VARIABLE = YES;
				IPHONEOS_DEPLOYMENT_TARGET = 14.3;
				MTL_ENABLE_DEBUG_INFO = INCLUDE_SOURCE;
				MTL_FAST_MATH = YES;
				ONLY_ACTIVE_ARCH = YES;
				SDKROOT = iphoneos;
				SWIFT_ACTIVE_COMPILATION_CONDITIONS = DEBUG;
				SWIFT_OPTIMIZATION_LEVEL = "-Onone";
			};
			name = Debug;
		};
		313DBD3425BCEEBF00A5306C /* Release */ = {
			isa = XCBuildConfiguration;
			buildSettings = {
				ALWAYS_SEARCH_USER_PATHS = NO;
				CLANG_ANALYZER_NONNULL = YES;
				CLANG_ANALYZER_NUMBER_OBJECT_CONVERSION = YES_AGGRESSIVE;
				CLANG_CXX_LANGUAGE_STANDARD = "gnu++14";
				CLANG_CXX_LIBRARY = "libc++";
				CLANG_ENABLE_MODULES = YES;
				CLANG_ENABLE_OBJC_ARC = YES;
				CLANG_ENABLE_OBJC_WEAK = YES;
				CLANG_WARN_BLOCK_CAPTURE_AUTORELEASING = YES;
				CLANG_WARN_BOOL_CONVERSION = YES;
				CLANG_WARN_COMMA = YES;
				CLANG_WARN_CONSTANT_CONVERSION = YES;
				CLANG_WARN_DEPRECATED_OBJC_IMPLEMENTATIONS = YES;
				CLANG_WARN_DIRECT_OBJC_ISA_USAGE = YES_ERROR;
				CLANG_WARN_DOCUMENTATION_COMMENTS = YES;
				CLANG_WARN_EMPTY_BODY = YES;
				CLANG_WARN_ENUM_CONVERSION = YES;
				CLANG_WARN_INFINITE_RECURSION = YES;
				CLANG_WARN_INT_CONVERSION = YES;
				CLANG_WARN_NON_LITERAL_NULL_CONVERSION = YES;
				CLANG_WARN_OBJC_IMPLICIT_RETAIN_SELF = YES;
				CLANG_WARN_OBJC_LITERAL_CONVERSION = YES;
				CLANG_WARN_OBJC_ROOT_CLASS = YES_ERROR;
				CLANG_WARN_QUOTED_INCLUDE_IN_FRAMEWORK_HEADER = YES;
				CLANG_WARN_RANGE_LOOP_ANALYSIS = YES;
				CLANG_WARN_STRICT_PROTOTYPES = YES;
				CLANG_WARN_SUSPICIOUS_MOVE = YES;
				CLANG_WARN_UNGUARDED_AVAILABILITY = YES_AGGRESSIVE;
				CLANG_WARN_UNREACHABLE_CODE = YES;
				CLANG_WARN__DUPLICATE_METHOD_MATCH = YES;
				COPY_PHASE_STRIP = NO;
				DEBUG_INFORMATION_FORMAT = "dwarf-with-dsym";
				ENABLE_NS_ASSERTIONS = NO;
				ENABLE_STRICT_OBJC_MSGSEND = YES;
				GCC_C_LANGUAGE_STANDARD = gnu11;
				GCC_NO_COMMON_BLOCKS = YES;
				GCC_WARN_64_TO_32_BIT_CONVERSION = YES;
				GCC_WARN_ABOUT_RETURN_TYPE = YES_ERROR;
				GCC_WARN_UNDECLARED_SELECTOR = YES;
				GCC_WARN_UNINITIALIZED_AUTOS = YES_AGGRESSIVE;
				GCC_WARN_UNUSED_FUNCTION = YES;
				GCC_WARN_UNUSED_VARIABLE = YES;
				IPHONEOS_DEPLOYMENT_TARGET = 14.3;
				MTL_ENABLE_DEBUG_INFO = NO;
				MTL_FAST_MATH = YES;
				SDKROOT = iphoneos;
				SWIFT_COMPILATION_MODE = wholemodule;
				SWIFT_OPTIMIZATION_LEVEL = "-O";
				VALIDATE_PRODUCT = YES;
			};
			name = Release;
		};
		313DBD3625BCEEBF00A5306C /* Debug */ = {
			isa = XCBuildConfiguration;
			buildSettings = {
				ASSETCATALOG_COMPILER_APPICON_NAME = AppIcon;
				ASSETCATALOG_COMPILER_GLOBAL_ACCENT_COLOR_NAME = AccentColor;
				CODE_SIGN_STYLE = Automatic;
				DEVELOPMENT_TEAM = JS847P96YQ;
				INFOPLIST_FILE = OneTheMap/Info.plist;
				LD_RUNPATH_SEARCH_PATHS = (
					"$(inherited)",
					"@executable_path/Frameworks",
				);
				PRODUCT_BUNDLE_IDENTIFIER = com.gavin.OneTheMap.OneTheMap;
				PRODUCT_NAME = "$(TARGET_NAME)";
				SWIFT_VERSION = 5.0;
				TARGETED_DEVICE_FAMILY = "1,2";
			};
			name = Debug;
		};
		313DBD3725BCEEBF00A5306C /* Release */ = {
			isa = XCBuildConfiguration;
			buildSettings = {
				ASSETCATALOG_COMPILER_APPICON_NAME = AppIcon;
				ASSETCATALOG_COMPILER_GLOBAL_ACCENT_COLOR_NAME = AccentColor;
				CODE_SIGN_STYLE = Automatic;
				DEVELOPMENT_TEAM = JS847P96YQ;
				INFOPLIST_FILE = OneTheMap/Info.plist;
				LD_RUNPATH_SEARCH_PATHS = (
					"$(inherited)",
					"@executable_path/Frameworks",
				);
				PRODUCT_BUNDLE_IDENTIFIER = com.gavin.OneTheMap.OneTheMap;
				PRODUCT_NAME = "$(TARGET_NAME)";
				SWIFT_VERSION = 5.0;
				TARGETED_DEVICE_FAMILY = "1,2";
			};
			name = Release;
		};
/* End XCBuildConfiguration section */

/* Begin XCConfigurationList section */
		313DBD1C25BCEEBF00A5306C /* Build configuration list for PBXProject "OneTheMap" */ = {
			isa = XCConfigurationList;
			buildConfigurations = (
				313DBD3325BCEEBF00A5306C /* Debug */,
				313DBD3425BCEEBF00A5306C /* Release */,
			);
			defaultConfigurationIsVisible = 0;
			defaultConfigurationName = Release;
		};
		313DBD3525BCEEBF00A5306C /* Build configuration list for PBXNativeTarget "OneTheMap" */ = {
			isa = XCConfigurationList;
			buildConfigurations = (
				313DBD3625BCEEBF00A5306C /* Debug */,
				313DBD3725BCEEBF00A5306C /* Release */,
			);
			defaultConfigurationIsVisible = 0;
			defaultConfigurationName = Release;
		};
/* End XCConfigurationList section */
	};
	rootObject = 313DBD1925BCEEBF00A5306C /* Project object */;
}
